
Microsoft Visual Studio Solution File, Format Version 12.00
# Visual Studio 15
VisualStudioVersion = 15.0.27701.1
MinimumVisualStudioVersion = 10.0.40219.1
Project("{FAE04EC0-301F-11D3-BF4B-00C04F79EFBC}") = "PeopleApi", "PeopleApi\PeopleApi.csproj", "{FF67B651-B0E9-48AB-9078-865DD1F4AFA5}"
EndProject
Global
	GlobalSection(SolutionConfigurationPlatforms) = preSolution
		Debug|Any CPU = Debug|Any CPU
		Release|Any CPU = Release|Any CPU
	EndGlobalSection
	GlobalSection(ProjectConfigurationPlatforms) = postSolution
		{FF67B651-B0E9-48AB-9078-865DD1F4AFA5}.Debug|Any CPU.ActiveCfg = Debug|Any CPU
		{FF67B651-B0E9-48AB-9078-865DD1F4AFA5}.Debug|Any CPU.Build.0 = Debug|Any CPU
		{FF67B651-B0E9-48AB-9078-865DD1F4AFA5}.Release|Any CPU.ActiveCfg = Release|Any CPU
		{FF67B651-B0E9-48AB-9078-865DD1F4AFA5}.Release|Any CPU.Build.0 = Release|Any CPU
	EndGlobalSection
	GlobalSection(SolutionProperties) = preSolution
		HideSolutionNode = FALSE
	EndGlobalSection
	GlobalSection(ExtensibilityGlobals) = postSolution
		SolutionGuid = {22DAD8E4-8E03-4AFF-918D-A1184D90300B}
	EndGlobalSection
EndGlobal
