
Microsoft Visual Studio Solution File, Format Version 12.00
# Visual Studio Version 16
VisualStudioVersion = 16.0.29521.150
MinimumVisualStudioVersion = 10.0.40219.1
Project("{9A19103F-16F7-4668-BE54-9A1E7A4F7556}") = "PeopleApi", "PeopleApi\PeopleApi.csproj", "{FF67B651-B0E9-48AB-9078-865DD1F4AFA5}"
EndProject
Project("{E24C65DC-7377-472B-9ABA-BC803B73C61A}") = "WebClient", "WebClient\", "{AF3363CD-02A3-49DF-86A0-7E8B05B70CD0}"
	ProjectSection(WebsiteProperties) = preProject
		TargetFrameworkMoniker = ".NETFramework,Version%3Dv4.6.1"
		Debug.AspNetCompiler.VirtualPath = "/localhost_65493"
		Debug.AspNetCompiler.PhysicalPath = "WebClient\"
		Debug.AspNetCompiler.TargetPath = "PrecompiledWeb\localhost_65493\"
		Debug.AspNetCompiler.Updateable = "true"
		Debug.AspNetCompiler.ForceOverwrite = "true"
		Debug.AspNetCompiler.FixedNames = "false"
		Debug.AspNetCompiler.Debug = "True"
		Release.AspNetCompiler.VirtualPath = "/localhost_65493"
		Release.AspNetCompiler.PhysicalPath = "WebClient\"
		Release.AspNetCompiler.TargetPath = "PrecompiledWeb\localhost_65493\"
		Release.AspNetCompiler.Updateable = "true"
		Release.AspNetCompiler.ForceOverwrite = "true"
		Release.AspNetCompiler.FixedNames = "false"
		Release.AspNetCompiler.Debug = "False"
		VWDPort = "65493"
		SlnRelativePath = "WebClient\"
		DefaultWebSiteLanguage = "Visual C#"
	EndProjectSection
EndProject
Project("{FAE04EC0-301F-11D3-BF4B-00C04F79EFBC}") = "PeopleTests", "PeopleTests\PeopleTests.csproj", "{FA9979A0-0C3A-4FF5-8DD5-EE766DDB0B71}"
EndProject
Global
	GlobalSection(SolutionConfigurationPlatforms) = preSolution
		Debug|Any CPU = Debug|Any CPU
		Release|Any CPU = Release|Any CPU
	EndGlobalSection
	GlobalSection(ProjectConfigurationPlatforms) = postSolution
		{FF67B651-B0E9-48AB-9078-865DD1F4AFA5}.Debug|Any CPU.ActiveCfg = Debug|Any CPU
		{FF67B651-B0E9-48AB-9078-865DD1F4AFA5}.Debug|Any CPU.Build.0 = Debug|Any CPU
		{FF67B651-B0E9-48AB-9078-865DD1F4AFA5}.Release|Any CPU.ActiveCfg = Release|Any CPU
		{FF67B651-B0E9-48AB-9078-865DD1F4AFA5}.Release|Any CPU.Build.0 = Release|Any CPU
		{AF3363CD-02A3-49DF-86A0-7E8B05B70CD0}.Debug|Any CPU.ActiveCfg = Debug|Any CPU
		{AF3363CD-02A3-49DF-86A0-7E8B05B70CD0}.Debug|Any CPU.Build.0 = Debug|Any CPU
		{AF3363CD-02A3-49DF-86A0-7E8B05B70CD0}.Release|Any CPU.ActiveCfg = Debug|Any CPU
		{AF3363CD-02A3-49DF-86A0-7E8B05B70CD0}.Release|Any CPU.Build.0 = Debug|Any CPU
		{FA9979A0-0C3A-4FF5-8DD5-EE766DDB0B71}.Debug|Any CPU.ActiveCfg = Debug|Any CPU
		{FA9979A0-0C3A-4FF5-8DD5-EE766DDB0B71}.Debug|Any CPU.Build.0 = Debug|Any CPU
		{FA9979A0-0C3A-4FF5-8DD5-EE766DDB0B71}.Release|Any CPU.ActiveCfg = Release|Any CPU
		{FA9979A0-0C3A-4FF5-8DD5-EE766DDB0B71}.Release|Any CPU.Build.0 = Release|Any CPU
	EndGlobalSection
	GlobalSection(SolutionProperties) = preSolution
		HideSolutionNode = FALSE
	EndGlobalSection
	GlobalSection(ExtensibilityGlobals) = postSolution
		SolutionGuid = {22DAD8E4-8E03-4AFF-918D-A1184D90300B}
	EndGlobalSection
EndGlobal
